
Microsoft Visual Studio Solution File, Format Version 12.00
# Visual Studio Version 17
VisualStudioVersion = 17.5.33516.290
MinimumVisualStudioVersion = 10.0.40219.1
Project("{FAE04EC0-301F-11D3-BF4B-00C04F79EFBC}") = "EmployeeApp.App", "EmployeeApp.App\EmployeeApp.App.csproj", "{79DD472D-D6DB-42B8-A76E-30B9D5F50FAD}"
EndProject
Project("{FAE04EC0-301F-11D3-BF4B-00C04F79EFBC}") = "EmployeeApp.Core", "EmployeeApp.Core\EmployeeApp.Core.csproj", "{D5B00BD9-E26F-4526-A82A-C484400AE23B}"
EndProject
Project("{FAE04EC0-301F-11D3-BF4B-00C04F79EFBC}") = "EmployeeApp.Data", "EmployeeApp.Data\EmployeeApp.Data.csproj", "{78E031F9-5B9A-44DF-8438-9664CC2C8C51}"
EndProject
Global
	GlobalSection(SolutionConfigurationPlatforms) = preSolution
		Debug|Any CPU = Debug|Any CPU
		Release|Any CPU = Release|Any CPU
	EndGlobalSection
	GlobalSection(ProjectConfigurationPlatforms) = postSolution
		{79DD472D-D6DB-42B8-A76E-30B9D5F50FAD}.Debug|Any CPU.ActiveCfg = Debug|Any CPU
		{79DD472D-D6DB-42B8-A76E-30B9D5F50FAD}.Debug|Any CPU.Build.0 = Debug|Any CPU
		{79DD472D-D6DB-42B8-A76E-30B9D5F50FAD}.Release|Any CPU.ActiveCfg = Release|Any CPU
		{79DD472D-D6DB-42B8-A76E-30B9D5F50FAD}.Release|Any CPU.Build.0 = Release|Any CPU
		{D5B00BD9-E26F-4526-A82A-C484400AE23B}.Debug|Any CPU.ActiveCfg = Debug|Any CPU
		{D5B00BD9-E26F-4526-A82A-C484400AE23B}.Debug|Any CPU.Build.0 = Debug|Any CPU
		{D5B00BD9-E26F-4526-A82A-C484400AE23B}.Release|Any CPU.ActiveCfg = Release|Any CPU
		{D5B00BD9-E26F-4526-A82A-C484400AE23B}.Release|Any CPU.Build.0 = Release|Any CPU
		{78E031F9-5B9A-44DF-8438-9664CC2C8C51}.Debug|Any CPU.ActiveCfg = Debug|Any CPU
		{78E031F9-5B9A-44DF-8438-9664CC2C8C51}.Debug|Any CPU.Build.0 = Debug|Any CPU
		{78E031F9-5B9A-44DF-8438-9664CC2C8C51}.Release|Any CPU.ActiveCfg = Release|Any CPU
		{78E031F9-5B9A-44DF-8438-9664CC2C8C51}.Release|Any CPU.Build.0 = Release|Any CPU
	EndGlobalSection
	GlobalSection(SolutionProperties) = preSolution
		HideSolutionNode = FALSE
	EndGlobalSection
	GlobalSection(ExtensibilityGlobals) = postSolution
		SolutionGuid = {2769B498-D1EB-4AEB-AB60-39B66C8BCE66}
	EndGlobalSection
EndGlobal
